<?xml version="1.0" encoding="utf-8"?>
<Project ToolsVersion="4.0" xmlns="http://schemas.microsoft.com/developer/msbuild/2003">
  <ItemGroup>
    <ClCompile Include="main.cpp" />
    <ClCompile Include="SpeedyTextReader.cpp">
      <Filter>SpeedyTextReader</Filter>
    </ClCompile>
    <ClCompile Include="BlockUnitMemory.cpp">
      <Filter>BlockUnitMemory</Filter>
    </ClCompile>
  </ItemGroup>
  <ItemGroup>
    <Filter Include="SpeedyTextReader">
      <UniqueIdentifier>{06472fe2-9be2-4a93-b3b9-f435549829c2}</UniqueIdentifier>
    </Filter>
    <Filter Include="BlockUnitMemory">
      <UniqueIdentifier>{55897a10-2c3a-49b2-8aaf-482bf06fde4b}</UniqueIdentifier>
    </Filter>
  </ItemGroup>
  <ItemGroup>
    <ClInclude Include="SpeedyTextReader.h">
      <Filter>SpeedyTextReader</Filter>
    </ClInclude>
    <ClInclude Include="BlockUnitMemory.h">
      <Filter>BlockUnitMemory</Filter>
    </ClInclude>
  </ItemGroup>
</Project>